
Microsoft Visual Studio Solution File, Format Version 12.00
Project("{FAE04EC0-301F-11D3-BF4B-00C04F79EFBC}") = "ConsoleApp1", "ConsoleApp1.csproj", "{6424A5E5-301A-4511-80D6-E71F51DFA2D4}"
EndProject
Global
	GlobalSection(SolutionConfigurationPlatforms) = preSolution
		Debug|Any CPU = Debug|Any CPU
		Release|Any CPU = Release|Any CPU
	EndGlobalSection
	GlobalSection(ProjectConfigurationPlatforms) = postSolution
		{6424A5E5-301A-4511-80D6-E71F51DFA2D4}.Debug|Any CPU.ActiveCfg = Debug|Any CPU
		{6424A5E5-301A-4511-80D6-E71F51DFA2D4}.Debug|Any CPU.Build.0 = Debug|Any CPU
		{6424A5E5-301A-4511-80D6-E71F51DFA2D4}.Release|Any CPU.ActiveCfg = Release|Any CPU
		{6424A5E5-301A-4511-80D6-E71F51DFA2D4}.Release|Any CPU.Build.0 = Release|Any CPU
	EndGlobalSection
EndGlobal
